
Microsoft Visual Studio Solution File, Format Version 12.00
# Visual Studio Version 17
VisualStudioVersion = 17.4.33110.190
MinimumVisualStudioVersion = 10.0.40219.1
Project("{FAE04EC0-301F-11D3-BF4B-00C04F79EFBC}") = "LinqDemo2", "LinqDemo2\LinqDemo2.csproj", "{D33AC3CF-6278-4B1E-853A-18CD4160F640}"
EndProject
Global
	GlobalSection(SolutionConfigurationPlatforms) = preSolution
		Debug|Any CPU = Debug|Any CPU
		Release|Any CPU = Release|Any CPU
	EndGlobalSection
	GlobalSection(ProjectConfigurationPlatforms) = postSolution
		{D33AC3CF-6278-4B1E-853A-18CD4160F640}.Debug|Any CPU.ActiveCfg = Debug|Any CPU
		{D33AC3CF-6278-4B1E-853A-18CD4160F640}.Debug|Any CPU.Build.0 = Debug|Any CPU
		{D33AC3CF-6278-4B1E-853A-18CD4160F640}.Release|Any CPU.ActiveCfg = Release|Any CPU
		{D33AC3CF-6278-4B1E-853A-18CD4160F640}.Release|Any CPU.Build.0 = Release|Any CPU
	EndGlobalSection
	GlobalSection(SolutionProperties) = preSolution
		HideSolutionNode = FALSE
	EndGlobalSection
	GlobalSection(ExtensibilityGlobals) = postSolution
		SolutionGuid = {9FC60325-0D73-4D43-83EC-7459EC9FAFDF}
	EndGlobalSection
EndGlobal
